
Microsoft Visual Studio Solution File, Format Version 12.00
# Visual Studio Version 17
VisualStudioVersion = 17.13.35723.152 d17.13
MinimumVisualStudioVersion = 10.0.40219.1
Project("{FAE04EC0-301F-11D3-BF4B-00C04F79EFBC}") = "BackEndWebApplication", "BackEndWebApplication\BackEndWebApplication.csproj", "{50C42630-CDD7-4F8F-88B0-9B161D696016}"
EndProject
Global
	GlobalSection(SolutionConfigurationPlatforms) = preSolution
		Debug|Any CPU = Debug|Any CPU
		Release|Any CPU = Release|Any CPU
	EndGlobalSection
	GlobalSection(ProjectConfigurationPlatforms) = postSolution
		{50C42630-CDD7-4F8F-88B0-9B161D696016}.Debug|Any CPU.ActiveCfg = Debug|Any CPU
		{50C42630-CDD7-4F8F-88B0-9B161D696016}.Debug|Any CPU.Build.0 = Debug|Any CPU
		{50C42630-CDD7-4F8F-88B0-9B161D696016}.Release|Any CPU.ActiveCfg = Release|Any CPU
		{50C42630-CDD7-4F8F-88B0-9B161D696016}.Release|Any CPU.Build.0 = Release|Any CPU
	EndGlobalSection
	GlobalSection(SolutionProperties) = preSolution
		HideSolutionNode = FALSE
	EndGlobalSection
	GlobalSection(ExtensibilityGlobals) = postSolution
		SolutionGuid = {DC511CCA-03D7-4172-B35A-9D74CD12B52E}
	EndGlobalSection
EndGlobal
